{
  "name": "githubPages",
  "lockfileVersion": 2,
  "requires": true,
  "packages": {
    "": {
      "dependencies": {
        "graceful-fs": "^4.1.4"
      }
    },
    "node_modules/graceful-fs": {
      "version": "4.1.4",
      "resolved": "https://registry.npmjs.org/graceful-fs/-/graceful-fs-4.1.4.tgz",
      "integrity": "sha512-FJvXqYOJo21W86xfBsnT3Ev1hpRWRNdFfNEYSi/uVq+QmNADuhjwzoLtWc/p6lcqLA+l/g9GucxSHQrmOyJJEg==",
      "engines": {
        "node": ">=0.4.0"
      }
    }
  },
  "dependencies": {
    "graceful-fs": {
      "version": "4.1.4",
      "resolved": "https://registry.npmjs.org/graceful-fs/-/graceful-fs-4.1.4.tgz",
      "integrity": "sha512-FJvXqYOJo21W86xfBsnT3Ev1hpRWRNdFfNEYSi/uVq+QmNADuhjwzoLtWc/p6lcqLA+l/g9GucxSHQrmOyJJEg=="
    }
  }
}
